
Microsoft Visual Studio Solution File, Format Version 12.00
# Visual Studio 15
Project("{FAE04EC0-301F-11D3-BF4B-00C04F79EFBC}") = "Match3 RPG", "Assembly-CSharp.csproj", "{BB886616-2594-C8D0-C447-70AD7D46E416}"
EndProject
Global
	GlobalSection(SolutionConfigurationPlatforms) = preSolution
		Debug|Any CPU = Debug|Any CPU
		Release|Any CPU = Release|Any CPU
	EndGlobalSection
	GlobalSection(ProjectConfigurationPlatforms) = postSolution
		{BB886616-2594-C8D0-C447-70AD7D46E416}.Debug|Any CPU.ActiveCfg = Debug|Any CPU
		{BB886616-2594-C8D0-C447-70AD7D46E416}.Debug|Any CPU.Build.0 = Debug|Any CPU
		{BB886616-2594-C8D0-C447-70AD7D46E416}.Release|Any CPU.ActiveCfg = Release|Any CPU
		{BB886616-2594-C8D0-C447-70AD7D46E416}.Release|Any CPU.Build.0 = Release|Any CPU
	EndGlobalSection
	GlobalSection(SolutionProperties) = preSolution
		HideSolutionNode = FALSE
	EndGlobalSection
EndGlobal
